// !$*UTF8*$!
{
	archiveVersion = 1;
	classes = {
	};
	objectVersion = 77;
	objects = {

/* Begin PBXContainerItemProxy section */
		74FD96502D430FD8003ECD58 /* PBXContainerItemProxy */ = {
			isa = PBXContainerItemProxy;
			containerPortal = 74FD96352D430FD5003ECD58 /* Project object */;
			proxyType = 1;
			remoteGlobalIDString = 74FD963C2D430FD5003ECD58;
			remoteInfo = "simple-sosmed";
		};
		74FD965A2D430FD8003ECD58 /* PBXContainerItemProxy */ = {
			isa = PBXContainerItemProxy;
			containerPortal = 74FD96352D430FD5003ECD58 /* Project object */;
			proxyType = 1;
			remoteGlobalIDString = 74FD963C2D430FD5003ECD58;
			remoteInfo = "simple-sosmed";
		};
/* End PBXContainerItemProxy section */

/* Begin PBXFileReference section */
		74FD963D2D430FD5003ECD58 /* simple-sosmed.app */ = {isa = PBXFileReference; explicitFileType = wrapper.application; includeInIndex = 0; path = "simple-sosmed.app"; sourceTree = BUILT_PRODUCTS_DIR; };
		74FD964F2D430FD8003ECD58 /* simple-sosmedTests.xctest */ = {isa = PBXFileReference; explicitFileType = wrapper.cfbundle; includeInIndex = 0; path = "simple-sosmedTests.xctest"; sourceTree = BUILT_PRODUCTS_DIR; };
		74FD96592D430FD8003ECD58 /* simple-sosmedUITests.xctest */ = {isa = PBXFileReference; explicitFileType = wrapper.cfbundle; includeInIndex = 0; path = "simple-sosmedUITests.xctest"; sourceTree = BUILT_PRODUCTS_DIR; };
/* End PBXFileReference section */

/* Begin PBXFileSystemSynchronizedRootGroup section */
		74FD963F2D430FD5003ECD58 /* simple-sosmed */ = {
			isa = PBXFileSystemSynchronizedRootGroup;
			path = "simple-sosmed";
			sourceTree = "<group>";
		};
		74FD96522D430FD8003ECD58 /* simple-sosmedTests */ = {
			isa = PBXFileSystemSynchronizedRootGroup;
			path = "simple-sosmedTests";
			sourceTree = "<group>";
		};
		74FD965C2D430FD8003ECD58 /* simple-sosmedUITests */ = {
			isa = PBXFileSystemSynchronizedRootGroup;
			path = "simple-sosmedUITests";
			sourceTree = "<group>";
		};
/* End PBXFileSystemSynchronizedRootGroup section */

/* Begin PBXFrameworksBuildPhase section */
		74FD963A2D430FD5003ECD58 /* Frameworks */ = {
			isa = PBXFrameworksBuildPhase;
			buildActionMask = 2147483647;
			files = (
			);
			runOnlyForDeploymentPostprocessing = 0;
		};
		74FD964C2D430FD8003ECD58 /* Frameworks */ = {
			isa = PBXFrameworksBuildPhase;
			buildActionMask = 2147483647;
			files = (
			);
			runOnlyForDeploymentPostprocessing = 0;
		};
		74FD96562D430FD8003ECD58 /* Frameworks */ = {
			isa = PBXFrameworksBuildPhase;
			buildActionMask = 2147483647;
			files = (
			);
			runOnlyForDeploymentPostprocessing = 0;
		};
/* End PBXFrameworksBuildPhase section */

/* Begin PBXGroup section */
		74FD96342D430FD5003ECD58 = {
			isa = PBXGroup;
			children = (
				74FD963F2D430FD5003ECD58 /* simple-sosmed */,
				74FD96522D430FD8003ECD58 /* simple-sosmedTests */,
				74FD965C2D430FD8003ECD58 /* simple-sosmedUITests */,
				74FD963E2D430FD5003ECD58 /* Products */,
			);
			sourceTree = "<group>";
		};
		74FD963E2D430FD5003ECD58 /* Products */ = {
			isa = PBXGroup;
			children = (
				74FD963D2D430FD5003ECD58 /* simple-sosmed.app */,
				74FD964F2D430FD8003ECD58 /* simple-sosmedTests.xctest */,
				74FD96592D430FD8003ECD58 /* simple-sosmedUITests.xctest */,
			);
			name = Products;
			sourceTree = "<group>";
		};
/* End PBXGroup section */

/* Begin PBXNativeTarget section */
		74FD963C2D430FD5003ECD58 /* simple-sosmed */ = {
			isa = PBXNativeTarget;
			buildConfigurationList = 74FD96632D430FD8003ECD58 /* Build configuration list for PBXNativeTarget "simple-sosmed" */;
			buildPhases = (
				74FD96392D430FD5003ECD58 /* Sources */,
				74FD963A2D430FD5003ECD58 /* Frameworks */,
				74FD963B2D430FD5003ECD58 /* Resources */,
			);
			buildRules = (
			);
			dependencies = (
			);
			fileSystemSynchronizedGroups = (
				74FD963F2D430FD5003ECD58 /* simple-sosmed */,
			);
			name = "simple-sosmed";
			packageProductDependencies = (
			);
			productName = "simple-sosmed";
			productReference = 74FD963D2D430FD5003ECD58 /* simple-sosmed.app */;
			productType = "com.apple.product-type.application";
		};
		74FD964E2D430FD8003ECD58 /* simple-sosmedTests */ = {
			isa = PBXNativeTarget;
			buildConfigurationList = 74FD96662D430FD8003ECD58 /* Build configuration list for PBXNativeTarget "simple-sosmedTests" */;
			buildPhases = (
				74FD964B2D430FD8003ECD58 /* Sources */,
				74FD964C2D430FD8003ECD58 /* Frameworks */,
				74FD964D2D430FD8003ECD58 /* Resources */,
			);
			buildRules = (
			);
			dependencies = (
				74FD96512D430FD8003ECD58 /* PBXTargetDependency */,
			);
			fileSystemSynchronizedGroups = (
				74FD96522D430FD8003ECD58 /* simple-sosmedTests */,
			);
			name = "simple-sosmedTests";
			packageProductDependencies = (
			);
			productName = "simple-sosmedTests";
			productReference = 74FD964F2D430FD8003ECD58 /* simple-sosmedTests.xctest */;
			productType = "com.apple.product-type.bundle.unit-test";
		};
		74FD96582D430FD8003ECD58 /* simple-sosmedUITests */ = {
			isa = PBXNativeTarget;
			buildConfigurationList = 74FD96692D430FD8003ECD58 /* Build configuration list for PBXNativeTarget "simple-sosmedUITests" */;
			buildPhases = (
				74FD96552D430FD8003ECD58 /* Sources */,
				74FD96562D430FD8003ECD58 /* Frameworks */,
				74FD96572D430FD8003ECD58 /* Resources */,
			);
			buildRules = (
			);
			dependencies = (
				74FD965B2D430FD8003ECD58 /* PBXTargetDependency */,
			);
			fileSystemSynchronizedGroups = (
				74FD965C2D430FD8003ECD58 /* simple-sosmedUITests */,
			);
			name = "simple-sosmedUITests";
			packageProductDependencies = (
			);
			productName = "simple-sosmedUITests";
			productReference = 74FD96592D430FD8003ECD58 /* simple-sosmedUITests.xctest */;
			productType = "com.apple.product-type.bundle.ui-testing";
		};
/* End PBXNativeTarget section */

/* Begin PBXProject section */
		74FD96352D430FD5003ECD58 /* Project object */ = {
			isa = PBXProject;
			attributes = {
				BuildIndependentTargetsInParallel = 1;
				LastSwiftUpdateCheck = 1620;
				LastUpgradeCheck = 1620;
				TargetAttributes = {
					74FD963C2D430FD5003ECD58 = {
						CreatedOnToolsVersion = 16.2;
					};
					74FD964E2D430FD8003ECD58 = {
						CreatedOnToolsVersion = 16.2;
						TestTargetID = 74FD963C2D430FD5003ECD58;
					};
					74FD96582D430FD8003ECD58 = {
						CreatedOnToolsVersion = 16.2;
						TestTargetID = 74FD963C2D430FD5003ECD58;
					};
				};
			};
			buildConfigurationList = 74FD96382D430FD5003ECD58 /* Build configuration list for PBXProject "simple-sosmed" */;
			developmentRegion = en;
			hasScannedForEncodings = 0;
			knownRegions = (
				en,
				Base,
			);
			mainGroup = 74FD96342D430FD5003ECD58;
			minimizedProjectReferenceProxies = 1;
			preferredProjectObjectVersion = 77;
			productRefGroup = 74FD963E2D430FD5003ECD58 /* Products */;
			projectDirPath = "";
			projectRoot = "";
			targets = (
				74FD963C2D430FD5003ECD58 /* simple-sosmed */,
				74FD964E2D430FD8003ECD58 /* simple-sosmedTests */,
				74FD96582D430FD8003ECD58 /* simple-sosmedUITests */,
			);
		};
/* End PBXProject section */

/* Begin PBXResourcesBuildPhase section */
		74FD963B2D430FD5003ECD58 /* Resources */ = {
			isa = PBXResourcesBuildPhase;
			buildActionMask = 2147483647;
			files = (
			);
			runOnlyForDeploymentPostprocessing = 0;
		};
		74FD964D2D430FD8003ECD58 /* Resources */ = {
			isa = PBXResourcesBuildPhase;
			buildActionMask = 2147483647;
			files = (
			);
			runOnlyForDeploymentPostprocessing = 0;
		};
		74FD96572D430FD8003ECD58 /* Resources */ = {
			isa = PBXResourcesBuildPhase;
			buildActionMask = 2147483647;
			files = (
			);
			runOnlyForDeploymentPostprocessing = 0;
		};
/* End PBXResourcesBuildPhase section */

/* Begin PBXSourcesBuildPhase section */
		74FD96392D430FD5003ECD58 /* Sources */ = {
			isa = PBXSourcesBuildPhase;
			buildActionMask = 2147483647;
			files = (
			);
			runOnlyForDeploymentPostprocessing = 0;
		};
		74FD964B2D430FD8003ECD58 /* Sources */ = {
			isa = PBXSourcesBuildPhase;
			buildActionMask = 2147483647;
			files = (
			);
			runOnlyForDeploymentPostprocessing = 0;
		};
		74FD96552D430FD8003ECD58 /* Sources */ = {
			isa = PBXSourcesBuildPhase;
			buildActionMask = 2147483647;
			files = (
			);
			runOnlyForDeploymentPostprocessing = 0;
		};
/* End PBXSourcesBuildPhase section */

/* Begin PBXTargetDependency section */
		74FD96512D430FD8003ECD58 /* PBXTargetDependency */ = {
			isa = PBXTargetDependency;
			target = 74FD963C2D430FD5003ECD58 /* simple-sosmed */;
			targetProxy = 74FD96502D430FD8003ECD58 /* PBXContainerItemProxy */;
		};
		74FD965B2D430FD8003ECD58 /* PBXTargetDependency */ = {
			isa = PBXTargetDependency;
			target = 74FD963C2D430FD5003ECD58 /* simple-sosmed */;
			targetProxy = 74FD965A2D430FD8003ECD58 /* PBXContainerItemProxy */;
		};
/* End PBXTargetDependency section */

/* Begin XCBuildConfiguration section */
		74FD96612D430FD8003ECD58 /* Debug */ = {
			isa = XCBuildConfiguration;
			buildSettings = {
				ALWAYS_SEARCH_USER_PATHS = NO;
				ASSETCATALOG_COMPILER_GENERATE_SWIFT_ASSET_SYMBOL_EXTENSIONS = YES;
				CLANG_ANALYZER_NONNULL = YES;
				CLANG_ANALYZER_NUMBER_OBJECT_CONVERSION = YES_AGGRESSIVE;
				CLANG_CXX_LANGUAGE_STANDARD = "gnu++20";
				CLANG_ENABLE_MODULES = YES;
				CLANG_ENABLE_OBJC_ARC = YES;
				CLANG_ENABLE_OBJC_WEAK = YES;
				CLANG_WARN_BLOCK_CAPTURE_AUTORELEASING = YES;
				CLANG_WARN_BOOL_CONVERSION = YES;
				CLANG_WARN_COMMA = YES;
				CLANG_WARN_CONSTANT_CONVERSION = YES;
				CLANG_WARN_DEPRECATED_OBJC_IMPLEMENTATIONS = YES;
				CLANG_WARN_DIRECT_OBJC_ISA_USAGE = YES_ERROR;
				CLANG_WARN_DOCUMENTATION_COMMENTS = YES;
				CLANG_WARN_EMPTY_BODY = YES;
				CLANG_WARN_ENUM_CONVERSION = YES;
				CLANG_WARN_INFINITE_RECURSION = YES;
				CLANG_WARN_INT_CONVERSION = YES;
				CLANG_WARN_NON_LITERAL_NULL_CONVERSION = YES;
				CLANG_WARN_OBJC_IMPLICIT_RETAIN_SELF = YES;
				CLANG_WARN_OBJC_LITERAL_CONVERSION = YES;
				CLANG_WARN_OBJC_ROOT_CLASS = YES_ERROR;
				CLANG_WARN_QUOTED_INCLUDE_IN_FRAMEWORK_HEADER = YES;
				CLANG_WARN_RANGE_LOOP_ANALYSIS = YES;
				CLANG_WARN_STRICT_PROTOTYPES = YES;
				CLANG_WARN_SUSPICIOUS_MOVE = YES;
				CLANG_WARN_UNGUARDED_AVAILABILITY = YES_AGGRESSIVE;
				CLANG_WARN_UNREACHABLE_CODE = YES;
				CLANG_WARN__DUPLICATE_METHOD_MATCH = YES;
				COPY_PHASE_STRIP = NO;
				DEBUG_INFORMATION_FORMAT = dwarf;
				ENABLE_STRICT_OBJC_MSGSEND = YES;
				ENABLE_TESTABILITY = YES;
				ENABLE_USER_SCRIPT_SANDBOXING = YES;
				GCC_C_LANGUAGE_STANDARD = gnu17;
				GCC_DYNAMIC_NO_PIC = NO;
				GCC_NO_COMMON_BLOCKS = YES;
				GCC_OPTIMIZATION_LEVEL = 0;
				GCC_PREPROCESSOR_DEFINITIONS = (
					"DEBUG=1",
					"$(inherited)",
				);
				GCC_WARN_64_TO_32_BIT_CONVERSION = YES;
				GCC_WARN_ABOUT_RETURN_TYPE = YES_ERROR;
				GCC_WARN_UNDECLARED_SELECTOR = YES;
				GCC_WARN_UNINITIALIZED_AUTOS = YES_AGGRESSIVE;
				GCC_WARN_UNUSED_FUNCTION = YES;
				GCC_WARN_UNUSED_VARIABLE = YES;
				IPHONEOS_DEPLOYMENT_TARGET = 18.2;
				LOCALIZATION_PREFERS_STRING_CATALOGS = YES;
				MTL_ENABLE_DEBUG_INFO = INCLUDE_SOURCE;
				MTL_FAST_MATH = YES;
				ONLY_ACTIVE_ARCH = YES;
				SDKROOT = iphoneos;
				SWIFT_ACTIVE_COMPILATION_CONDITIONS = "DEBUG $(inherited)";
				SWIFT_OPTIMIZATION_LEVEL = "-Onone";
			};
			name = Debug;
		};
		74FD96622D430FD8003ECD58 /* Release */ = {
			isa = XCBuildConfiguration;
			buildSettings = {
				ALWAYS_SEARCH_USER_PATHS = NO;
				ASSETCATALOG_COMPILER_GENERATE_SWIFT_ASSET_SYMBOL_EXTENSIONS = YES;
				CLANG_ANALYZER_NONNULL = YES;
				CLANG_ANALYZER_NUMBER_OBJECT_CONVERSION = YES_AGGRESSIVE;
				CLANG_CXX_LANGUAGE_STANDARD = "gnu++20";
				CLANG_ENABLE_MODULES = YES;
				CLANG_ENABLE_OBJC_ARC = YES;
				CLANG_ENABLE_OBJC_WEAK = YES;
				CLANG_WARN_BLOCK_CAPTURE_AUTORELEASING = YES;
				CLANG_WARN_BOOL_CONVERSION = YES;
				CLANG_WARN_COMMA = YES;
				CLANG_WARN_CONSTANT_CONVERSION = YES;
				CLANG_WARN_DEPRECATED_OBJC_IMPLEMENTATIONS = YES;
				CLANG_WARN_DIRECT_OBJC_ISA_USAGE = YES_ERROR;
				CLANG_WARN_DOCUMENTATION_COMMENTS = YES;
				CLANG_WARN_EMPTY_BODY = YES;
				CLANG_WARN_ENUM_CONVERSION = YES;
				CLANG_WARN_INFINITE_RECURSION = YES;
				CLANG_WARN_INT_CONVERSION = YES;
				CLANG_WARN_NON_LITERAL_NULL_CONVERSION = YES;
				CLANG_WARN_OBJC_IMPLICIT_RETAIN_SELF = YES;
				CLANG_WARN_OBJC_LITERAL_CONVERSION = YES;
				CLANG_WARN_OBJC_ROOT_CLASS = YES_ERROR;
				CLANG_WARN_QUOTED_INCLUDE_IN_FRAMEWORK_HEADER = YES;
				CLANG_WARN_RANGE_LOOP_ANALYSIS = YES;
				CLANG_WARN_STRICT_PROTOTYPES = YES;
				CLANG_WARN_SUSPICIOUS_MOVE = YES;
				CLANG_WARN_UNGUARDED_AVAILABILITY = YES_AGGRESSIVE;
				CLANG_WARN_UNREACHABLE_CODE = YES;
				CLANG_WARN__DUPLICATE_METHOD_MATCH = YES;
				COPY_PHASE_STRIP = NO;
				DEBUG_INFORMATION_FORMAT = "dwarf-with-dsym";
				ENABLE_NS_ASSERTIONS = NO;
				ENABLE_STRICT_OBJC_MSGSEND = YES;
				ENABLE_USER_SCRIPT_SANDBOXING = YES;
				GCC_C_LANGUAGE_STANDARD = gnu17;
				GCC_NO_COMMON_BLOCKS = YES;
				GCC_WARN_64_TO_32_BIT_CONVERSION = YES;
				GCC_WARN_ABOUT_RETURN_TYPE = YES_ERROR;
				GCC_WARN_UNDECLARED_SELECTOR = YES;
				GCC_WARN_UNINITIALIZED_AUTOS = YES_AGGRESSIVE;
				GCC_WARN_UNUSED_FUNCTION = YES;
				GCC_WARN_UNUSED_VARIABLE = YES;
				IPHONEOS_DEPLOYMENT_TARGET = 18.2;
				LOCALIZATION_PREFERS_STRING_CATALOGS = YES;
				MTL_ENABLE_DEBUG_INFO = NO;
				MTL_FAST_MATH = YES;
				SDKROOT = iphoneos;
				SWIFT_COMPILATION_MODE = wholemodule;
				VALIDATE_PRODUCT = YES;
			};
			name = Release;
		};
		74FD96642D430FD8003ECD58 /* Debug */ = {
			isa = XCBuildConfiguration;
			buildSettings = {
				ASSETCATALOG_COMPILER_APPICON_NAME = AppIcon;
				ASSETCATALOG_COMPILER_GLOBAL_ACCENT_COLOR_NAME = AccentColor;
				CODE_SIGN_STYLE = Automatic;
				CURRENT_PROJECT_VERSION = 1;
				DEVELOPMENT_ASSET_PATHS = "\"simple-sosmed/Preview Content\"";
				ENABLE_PREVIEWS = YES;
				GENERATE_INFOPLIST_FILE = YES;
				INFOPLIST_KEY_UIApplicationSceneManifest_Generation = YES;
				INFOPLIST_KEY_UIApplicationSupportsIndirectInputEvents = YES;
				INFOPLIST_KEY_UILaunchScreen_Generation = YES;
				INFOPLIST_KEY_UISupportedInterfaceOrientations_iPad = "UIInterfaceOrientationPortrait UIInterfaceOrientationPortraitUpsideDown UIInterfaceOrientationLandscapeLeft UIInterfaceOrientationLandscapeRight";
				INFOPLIST_KEY_UISupportedInterfaceOrientations_iPhone = "UIInterfaceOrientationPortrait UIInterfaceOrientationLandscapeLeft UIInterfaceOrientationLandscapeRight";
				LD_RUNPATH_SEARCH_PATHS = (
					"$(inherited)",
					"@executable_path/Frameworks",
				);
				MARKETING_VERSION = 1.0;
				PRODUCT_BUNDLE_IDENTIFIER = "yolookings.simple-sosmed";
				PRODUCT_NAME = "$(TARGET_NAME)";
				SWIFT_EMIT_LOC_STRINGS = YES;
				SWIFT_VERSION = 5.0;
				TARGETED_DEVICE_FAMILY = "1,2";
			};
			name = Debug;
		};
		74FD96652D430FD8003ECD58 /* Release */ = {
			isa = XCBuildConfiguration;
			buildSettings = {
				ASSETCATALOG_COMPILER_APPICON_NAME = AppIcon;
				ASSETCATALOG_COMPILER_GLOBAL_ACCENT_COLOR_NAME = AccentColor;
				CODE_SIGN_STYLE = Automatic;
				CURRENT_PROJECT_VERSION = 1;
				DEVELOPMENT_ASSET_PATHS = "\"simple-sosmed/Preview Content\"";
				ENABLE_PREVIEWS = YES;
				GENERATE_INFOPLIST_FILE = YES;
				INFOPLIST_KEY_UIApplicationSceneManifest_Generation = YES;
				INFOPLIST_KEY_UIApplicationSupportsIndirectInputEvents = YES;
				INFOPLIST_KEY_UILaunchScreen_Generation = YES;
				INFOPLIST_KEY_UISupportedInterfaceOrientations_iPad = "UIInterfaceOrientationPortrait UIInterfaceOrientationPortraitUpsideDown UIInterfaceOrientationLandscapeLeft UIInterfaceOrientationLandscapeRight";
				INFOPLIST_KEY_UISupportedInterfaceOrientations_iPhone = "UIInterfaceOrientationPortrait UIInterfaceOrientationLandscapeLeft UIInterfaceOrientationLandscapeRight";
				LD_RUNPATH_SEARCH_PATHS = (
					"$(inherited)",
					"@executable_path/Frameworks",
				);
				MARKETING_VERSION = 1.0;
				PRODUCT_BUNDLE_IDENTIFIER = "yolookings.simple-sosmed";
				PRODUCT_NAME = "$(TARGET_NAME)";
				SWIFT_EMIT_LOC_STRINGS = YES;
				SWIFT_VERSION = 5.0;
				TARGETED_DEVICE_FAMILY = "1,2";
			};
			name = Release;
		};
		74FD96672D430FD8003ECD58 /* Debug */ = {
			isa = XCBuildConfiguration;
			buildSettings = {
				BUNDLE_LOADER = "$(TEST_HOST)";
				CODE_SIGN_STYLE = Automatic;
				CURRENT_PROJECT_VERSION = 1;
				GENERATE_INFOPLIST_FILE = YES;
				IPHONEOS_DEPLOYMENT_TARGET = 18.2;
				MARKETING_VERSION = 1.0;
				PRODUCT_BUNDLE_IDENTIFIER = "yolookings.simple-sosmedTests";
				PRODUCT_NAME = "$(TARGET_NAME)";
				SWIFT_EMIT_LOC_STRINGS = NO;
				SWIFT_VERSION = 5.0;
				TARGETED_DEVICE_FAMILY = "1,2";
				TEST_HOST = "$(BUILT_PRODUCTS_DIR)/simple-sosmed.app/$(BUNDLE_EXECUTABLE_FOLDER_PATH)/simple-sosmed";
			};
			name = Debug;
		};
		74FD96682D430FD8003ECD58 /* Release */ = {
			isa = XCBuildConfiguration;
			buildSettings = {
				BUNDLE_LOADER = "$(TEST_HOST)";
				CODE_SIGN_STYLE = Automatic;
				CURRENT_PROJECT_VERSION = 1;
				GENERATE_INFOPLIST_FILE = YES;
				IPHONEOS_DEPLOYMENT_TARGET = 18.2;
				MARKETING_VERSION = 1.0;
				PRODUCT_BUNDLE_IDENTIFIER = "yolookings.simple-sosmedTests";
				PRODUCT_NAME = "$(TARGET_NAME)";
				SWIFT_EMIT_LOC_STRINGS = NO;
				SWIFT_VERSION = 5.0;
				TARGETED_DEVICE_FAMILY = "1,2";
				TEST_HOST = "$(BUILT_PRODUCTS_DIR)/simple-sosmed.app/$(BUNDLE_EXECUTABLE_FOLDER_PATH)/simple-sosmed";
			};
			name = Release;
		};
		74FD966A2D430FD8003ECD58 /* Debug */ = {
			isa = XCBuildConfiguration;
			buildSettings = {
				CODE_SIGN_STYLE = Automatic;
				CURRENT_PROJECT_VERSION = 1;
				GENERATE_INFOPLIST_FILE = YES;
				MARKETING_VERSION = 1.0;
				PRODUCT_BUNDLE_IDENTIFIER = "yolookings.simple-sosmedUITests";
				PRODUCT_NAME = "$(TARGET_NAME)";
				SWIFT_EMIT_LOC_STRINGS = NO;
				SWIFT_VERSION = 5.0;
				TARGETED_DEVICE_FAMILY = "1,2";
				TEST_TARGET_NAME = "simple-sosmed";
			};
			name = Debug;
		};
		74FD966B2D430FD8003ECD58 /* Release */ = {
			isa = XCBuildConfiguration;
			buildSettings = {
				CODE_SIGN_STYLE = Automatic;
				CURRENT_PROJECT_VERSION = 1;
				GENERATE_INFOPLIST_FILE = YES;
				MARKETING_VERSION = 1.0;
				PRODUCT_BUNDLE_IDENTIFIER = "yolookings.simple-sosmedUITests";
				PRODUCT_NAME = "$(TARGET_NAME)";
				SWIFT_EMIT_LOC_STRINGS = NO;
				SWIFT_VERSION = 5.0;
				TARGETED_DEVICE_FAMILY = "1,2";
				TEST_TARGET_NAME = "simple-sosmed";
			};
			name = Release;
		};
/* End XCBuildConfiguration section */

/* Begin XCConfigurationList section */
		74FD96382D430FD5003ECD58 /* Build configuration list for PBXProject "simple-sosmed" */ = {
			isa = XCConfigurationList;
			buildConfigurations = (
				74FD96612D430FD8003ECD58 /* Debug */,
				74FD96622D430FD8003ECD58 /* Release */,
			);
			defaultConfigurationIsVisible = 0;
			defaultConfigurationName = Release;
		};
		74FD96632D430FD8003ECD58 /* Build configuration list for PBXNativeTarget "simple-sosmed" */ = {
			isa = XCConfigurationList;
			buildConfigurations = (
				74FD96642D430FD8003ECD58 /* Debug */,
				74FD96652D430FD8003ECD58 /* Release */,
			);
			defaultConfigurationIsVisible = 0;
			defaultConfigurationName = Release;
		};
		74FD96662D430FD8003ECD58 /* Build configuration list for PBXNativeTarget "simple-sosmedTests" */ = {
			isa = XCConfigurationList;
			buildConfigurations = (
				74FD96672D430FD8003ECD58 /* Debug */,
				74FD96682D430FD8003ECD58 /* Release */,
			);
			defaultConfigurationIsVisible = 0;
			defaultConfigurationName = Release;
		};
		74FD96692D430FD8003ECD58 /* Build configuration list for PBXNativeTarget "simple-sosmedUITests" */ = {
			isa = XCConfigurationList;
			buildConfigurations = (
				74FD966A2D430FD8003ECD58 /* Debug */,
				74FD966B2D430FD8003ECD58 /* Release */,
			);
			defaultConfigurationIsVisible = 0;
			defaultConfigurationName = Release;
		};
/* End XCConfigurationList section */
	};
	rootObject = 74FD96352D430FD5003ECD58 /* Project object */;
}
